
Microsoft Visual Studio Solution File, Format Version 12.00
# Visual Studio Version 17
VisualStudioVersion = 17.3.32819.101
MinimumVisualStudioVersion = 10.0.40219.1
Project("{FAE04EC0-301F-11D3-BF4B-00C04F79EFBC}") = "FirtsTask", "FirtsTask\FirtsTask.csproj", "{B8B0F58B-6D0B-4DF2-9ED5-F3E19BED4E6F}"
EndProject
Project("{FAE04EC0-301F-11D3-BF4B-00C04F79EFBC}") = "SecondTask", "SecondTask\SecondTask.csproj", "{8C748696-E254-440D-B969-D3DB4273ED10}"
EndProject
Project("{FAE04EC0-301F-11D3-BF4B-00C04F79EFBC}") = "ThirdTask", "ThirdTask\ThirdTask.csproj", "{86AD2B8C-C8BF-40B9-85C5-DE4089C2D00E}"
EndProject
Global
	GlobalSection(SolutionConfigurationPlatforms) = preSolution
		Debug|Any CPU = Debug|Any CPU
		Release|Any CPU = Release|Any CPU
	EndGlobalSection
	GlobalSection(ProjectConfigurationPlatforms) = postSolution
		{B8B0F58B-6D0B-4DF2-9ED5-F3E19BED4E6F}.Debug|Any CPU.ActiveCfg = Debug|Any CPU
		{B8B0F58B-6D0B-4DF2-9ED5-F3E19BED4E6F}.Debug|Any CPU.Build.0 = Debug|Any CPU
		{B8B0F58B-6D0B-4DF2-9ED5-F3E19BED4E6F}.Release|Any CPU.ActiveCfg = Release|Any CPU
		{B8B0F58B-6D0B-4DF2-9ED5-F3E19BED4E6F}.Release|Any CPU.Build.0 = Release|Any CPU
		{8C748696-E254-440D-B969-D3DB4273ED10}.Debug|Any CPU.ActiveCfg = Debug|Any CPU
		{8C748696-E254-440D-B969-D3DB4273ED10}.Debug|Any CPU.Build.0 = Debug|Any CPU
		{8C748696-E254-440D-B969-D3DB4273ED10}.Release|Any CPU.ActiveCfg = Release|Any CPU
		{8C748696-E254-440D-B969-D3DB4273ED10}.Release|Any CPU.Build.0 = Release|Any CPU
		{86AD2B8C-C8BF-40B9-85C5-DE4089C2D00E}.Debug|Any CPU.ActiveCfg = Debug|Any CPU
		{86AD2B8C-C8BF-40B9-85C5-DE4089C2D00E}.Debug|Any CPU.Build.0 = Debug|Any CPU
		{86AD2B8C-C8BF-40B9-85C5-DE4089C2D00E}.Release|Any CPU.ActiveCfg = Release|Any CPU
		{86AD2B8C-C8BF-40B9-85C5-DE4089C2D00E}.Release|Any CPU.Build.0 = Release|Any CPU
	EndGlobalSection
	GlobalSection(SolutionProperties) = preSolution
		HideSolutionNode = FALSE
	EndGlobalSection
	GlobalSection(ExtensibilityGlobals) = postSolution
		SolutionGuid = {7272D716-143D-4ACD-98C5-F65BBBD67C89}
	EndGlobalSection
EndGlobal
